
Microsoft Visual Studio Solution File, Format Version 12.00
# Visual Studio Version 17
VisualStudioVersion = 17.4.33205.214
MinimumVisualStudioVersion = 10.0.40219.1
Project("{2150E333-8FDC-42A3-9474-1A3956D46DE8}") = "Services", "Services", "{EBC1EFF9-793E-44AF-A663-37D2567A2B22}"
EndProject
Project("{2150E333-8FDC-42A3-9474-1A3956D46DE8}") = "Catalog", "Catalog", "{93C53654-68EC-4AB8-945A-1C337C458CCE}"
EndProject
Project("{9A19103F-16F7-4668-BE54-9A1E7A4F7556}") = "Catalog.API", "Services\Catalog\Catalog.API\Catalog.API.csproj", "{17E928A4-5929-49F4-B38D-F7453F348430}"
EndProject
Project("{E53339B2-1760-4266-BCC7-CA923CBCF16C}") = "docker-compose", "docker-compose.dcproj", "{0E302451-2991-4B75-BAF6-6A1C42799E53}"
EndProject
Project("{2150E333-8FDC-42A3-9474-1A3956D46DE8}") = "Basket", "Basket", "{674F2BE9-5B2F-404E-A782-54D86BCB1BC0}"
EndProject
Project("{9A19103F-16F7-4668-BE54-9A1E7A4F7556}") = "Basket.API", "Services\Basket\Basket.API\Basket.API.csproj", "{6FF21E4B-94D4-4EAA-B6AB-A6CC9984B349}"
EndProject
Project("{2150E333-8FDC-42A3-9474-1A3956D46DE8}") = "Discount", "Discount", "{976F144B-C29B-46E3-867F-3D858F0BB9EE}"
EndProject
Project("{9A19103F-16F7-4668-BE54-9A1E7A4F7556}") = "Discount.API", "Services\Discount\Discount.API\Discount.API.csproj", "{17A3D9B2-AAF6-407A-BDD2-D9A831672607}"
EndProject
Project("{9A19103F-16F7-4668-BE54-9A1E7A4F7556}") = "Discount.Grpc", "Services\Discount\Discount.Grpc\Discount.Grpc.csproj", "{79C2586A-058B-4CA3-8E1D-9C54C57100F1}"
EndProject
Project("{2150E333-8FDC-42A3-9474-1A3956D46DE8}") = "Ordering", "Ordering", "{7C00168C-3A3F-4661-92FF-BC173DED884E}"
EndProject
Project("{9A19103F-16F7-4668-BE54-9A1E7A4F7556}") = "Ordering.API", "Services\Ordering\Ordering.API\Ordering.API.csproj", "{912D9B5B-DDFB-4C32-B46E-4C20FD2937E7}"
EndProject
Project("{9A19103F-16F7-4668-BE54-9A1E7A4F7556}") = "Ordering.Domain", "Services\Ordering\Ordering.Domain\Ordering.Domain.csproj", "{A639DB61-3485-44EF-AD3B-96E49A33F7C0}"
EndProject
Project("{9A19103F-16F7-4668-BE54-9A1E7A4F7556}") = "Ordering.Application", "Services\Ordering\Ordering.Application\Ordering.Application.csproj", "{916B60D1-500D-4D8D-A352-BB8BDD869812}"
EndProject
Project("{9A19103F-16F7-4668-BE54-9A1E7A4F7556}") = "Ordering.Infrastructure", "Services\Ordering\Ordering.Infrastructure\Ordering.Infrastructure.csproj", "{CF2FE491-31A7-4BE4-A520-C53E309322B6}"
EndProject
Project("{2150E333-8FDC-42A3-9474-1A3956D46DE8}") = "BuildingBlocks", "BuildingBlocks", "{4EB7886E-640B-47C1-8DC3-4C0B99B5EF56}"
EndProject
Project("{FAE04EC0-301F-11D3-BF4B-00C04F79EFBC}") = "EventBus.Messages", "BuildingBlocks\EventBus.Messages\EventBus.Messages.csproj", "{B709F4E1-FB00-41DE-B3D8-74A234EF7DB3}"
EndProject
Global
	GlobalSection(SolutionConfigurationPlatforms) = preSolution
		Debug|Any CPU = Debug|Any CPU
		Release|Any CPU = Release|Any CPU
	EndGlobalSection
	GlobalSection(ProjectConfigurationPlatforms) = postSolution
		{17E928A4-5929-49F4-B38D-F7453F348430}.Debug|Any CPU.ActiveCfg = Debug|Any CPU
		{17E928A4-5929-49F4-B38D-F7453F348430}.Debug|Any CPU.Build.0 = Debug|Any CPU
		{17E928A4-5929-49F4-B38D-F7453F348430}.Release|Any CPU.ActiveCfg = Release|Any CPU
		{17E928A4-5929-49F4-B38D-F7453F348430}.Release|Any CPU.Build.0 = Release|Any CPU
		{0E302451-2991-4B75-BAF6-6A1C42799E53}.Debug|Any CPU.ActiveCfg = Debug|Any CPU
		{0E302451-2991-4B75-BAF6-6A1C42799E53}.Debug|Any CPU.Build.0 = Debug|Any CPU
		{0E302451-2991-4B75-BAF6-6A1C42799E53}.Release|Any CPU.ActiveCfg = Release|Any CPU
		{0E302451-2991-4B75-BAF6-6A1C42799E53}.Release|Any CPU.Build.0 = Release|Any CPU
		{6FF21E4B-94D4-4EAA-B6AB-A6CC9984B349}.Debug|Any CPU.ActiveCfg = Debug|Any CPU
		{6FF21E4B-94D4-4EAA-B6AB-A6CC9984B349}.Debug|Any CPU.Build.0 = Debug|Any CPU
		{6FF21E4B-94D4-4EAA-B6AB-A6CC9984B349}.Release|Any CPU.ActiveCfg = Release|Any CPU
		{6FF21E4B-94D4-4EAA-B6AB-A6CC9984B349}.Release|Any CPU.Build.0 = Release|Any CPU
		{17A3D9B2-AAF6-407A-BDD2-D9A831672607}.Debug|Any CPU.ActiveCfg = Debug|Any CPU
		{17A3D9B2-AAF6-407A-BDD2-D9A831672607}.Debug|Any CPU.Build.0 = Debug|Any CPU
		{17A3D9B2-AAF6-407A-BDD2-D9A831672607}.Release|Any CPU.ActiveCfg = Release|Any CPU
		{17A3D9B2-AAF6-407A-BDD2-D9A831672607}.Release|Any CPU.Build.0 = Release|Any CPU
		{79C2586A-058B-4CA3-8E1D-9C54C57100F1}.Debug|Any CPU.ActiveCfg = Debug|Any CPU
		{79C2586A-058B-4CA3-8E1D-9C54C57100F1}.Debug|Any CPU.Build.0 = Debug|Any CPU
		{79C2586A-058B-4CA3-8E1D-9C54C57100F1}.Release|Any CPU.ActiveCfg = Release|Any CPU
		{79C2586A-058B-4CA3-8E1D-9C54C57100F1}.Release|Any CPU.Build.0 = Release|Any CPU
		{912D9B5B-DDFB-4C32-B46E-4C20FD2937E7}.Debug|Any CPU.ActiveCfg = Debug|Any CPU
		{912D9B5B-DDFB-4C32-B46E-4C20FD2937E7}.Debug|Any CPU.Build.0 = Debug|Any CPU
		{912D9B5B-DDFB-4C32-B46E-4C20FD2937E7}.Release|Any CPU.ActiveCfg = Release|Any CPU
		{912D9B5B-DDFB-4C32-B46E-4C20FD2937E7}.Release|Any CPU.Build.0 = Release|Any CPU
		{A639DB61-3485-44EF-AD3B-96E49A33F7C0}.Debug|Any CPU.ActiveCfg = Debug|Any CPU
		{A639DB61-3485-44EF-AD3B-96E49A33F7C0}.Debug|Any CPU.Build.0 = Debug|Any CPU
		{A639DB61-3485-44EF-AD3B-96E49A33F7C0}.Release|Any CPU.ActiveCfg = Release|Any CPU
		{A639DB61-3485-44EF-AD3B-96E49A33F7C0}.Release|Any CPU.Build.0 = Release|Any CPU
		{916B60D1-500D-4D8D-A352-BB8BDD869812}.Debug|Any CPU.ActiveCfg = Debug|Any CPU
		{916B60D1-500D-4D8D-A352-BB8BDD869812}.Debug|Any CPU.Build.0 = Debug|Any CPU
		{916B60D1-500D-4D8D-A352-BB8BDD869812}.Release|Any CPU.ActiveCfg = Release|Any CPU
		{916B60D1-500D-4D8D-A352-BB8BDD869812}.Release|Any CPU.Build.0 = Release|Any CPU
		{CF2FE491-31A7-4BE4-A520-C53E309322B6}.Debug|Any CPU.ActiveCfg = Debug|Any CPU
		{CF2FE491-31A7-4BE4-A520-C53E309322B6}.Debug|Any CPU.Build.0 = Debug|Any CPU
		{CF2FE491-31A7-4BE4-A520-C53E309322B6}.Release|Any CPU.ActiveCfg = Release|Any CPU
		{CF2FE491-31A7-4BE4-A520-C53E309322B6}.Release|Any CPU.Build.0 = Release|Any CPU
		{B709F4E1-FB00-41DE-B3D8-74A234EF7DB3}.Debug|Any CPU.ActiveCfg = Debug|Any CPU
		{B709F4E1-FB00-41DE-B3D8-74A234EF7DB3}.Debug|Any CPU.Build.0 = Debug|Any CPU
		{B709F4E1-FB00-41DE-B3D8-74A234EF7DB3}.Release|Any CPU.ActiveCfg = Release|Any CPU
		{B709F4E1-FB00-41DE-B3D8-74A234EF7DB3}.Release|Any CPU.Build.0 = Release|Any CPU
	EndGlobalSection
	GlobalSection(SolutionProperties) = preSolution
		HideSolutionNode = FALSE
	EndGlobalSection
	GlobalSection(NestedProjects) = preSolution
		{93C53654-68EC-4AB8-945A-1C337C458CCE} = {EBC1EFF9-793E-44AF-A663-37D2567A2B22}
		{17E928A4-5929-49F4-B38D-F7453F348430} = {93C53654-68EC-4AB8-945A-1C337C458CCE}
		{674F2BE9-5B2F-404E-A782-54D86BCB1BC0} = {EBC1EFF9-793E-44AF-A663-37D2567A2B22}
		{6FF21E4B-94D4-4EAA-B6AB-A6CC9984B349} = {674F2BE9-5B2F-404E-A782-54D86BCB1BC0}
		{976F144B-C29B-46E3-867F-3D858F0BB9EE} = {EBC1EFF9-793E-44AF-A663-37D2567A2B22}
		{17A3D9B2-AAF6-407A-BDD2-D9A831672607} = {976F144B-C29B-46E3-867F-3D858F0BB9EE}
		{79C2586A-058B-4CA3-8E1D-9C54C57100F1} = {976F144B-C29B-46E3-867F-3D858F0BB9EE}
		{7C00168C-3A3F-4661-92FF-BC173DED884E} = {EBC1EFF9-793E-44AF-A663-37D2567A2B22}
		{912D9B5B-DDFB-4C32-B46E-4C20FD2937E7} = {7C00168C-3A3F-4661-92FF-BC173DED884E}
		{A639DB61-3485-44EF-AD3B-96E49A33F7C0} = {7C00168C-3A3F-4661-92FF-BC173DED884E}
		{916B60D1-500D-4D8D-A352-BB8BDD869812} = {7C00168C-3A3F-4661-92FF-BC173DED884E}
		{CF2FE491-31A7-4BE4-A520-C53E309322B6} = {7C00168C-3A3F-4661-92FF-BC173DED884E}
		{B709F4E1-FB00-41DE-B3D8-74A234EF7DB3} = {4EB7886E-640B-47C1-8DC3-4C0B99B5EF56}
	EndGlobalSection
	GlobalSection(ExtensibilityGlobals) = postSolution
		SolutionGuid = {E126A3C7-A83A-4A33-A18D-0086FCEB8FDB}
	EndGlobalSection
EndGlobal
